{
  "object": {
    "pins": [
      {
        "package": "CCurl",
        "repositoryURL": "https://github.com/IBM-Swift/CCurl.git",
        "state": {
          "branch": null,
          "revision": "f481bd86e58787824cc1c1ec1786e03b67831f38",
          "version": "0.4.1"
        }
      },
      {
        "package": "CloudFoundryEnv",
        "repositoryURL": "https://github.com/IBM-Swift/Swift-cfenv.git",
        "state": {
          "branch": null,
          "revision": "ec3b65da09be0564fe4b2d7495fd9e6058c41f2f",
          "version": "4.0.2"
        }
      },
      {
        "package": "CommonCrypto",
        "repositoryURL": "https://github.com/IBM-Swift/CommonCrypto.git",
        "state": {
          "branch": null,
          "revision": "02a5c0520b1a0a7a6c606f0273fcd161973722fa",
          "version": "0.1.4"
        }
      },
      {
        "package": "Configuration",
        "repositoryURL": "https://github.com/IBM-Swift/Configuration.git",
        "state": {
          "branch": null,
          "revision": "6e223a7e384f30922f4a7fcbfa1801bd50dced03",
          "version": "1.0.2"
        }
      },
      {
        "package": "Cryptor",
        "repositoryURL": "https://github.com/IBM-Swift/BlueCryptor.git",
        "state": {
          "branch": null,
          "revision": "40c20108e45bd17f4856b0fa73699e56d1c5f1e6",
          "version": "0.8.16"
        }
      },
      {
        "package": "Kitura",
        "repositoryURL": "https://github.com/IBM-Swift/Kitura.git",
        "state": {
          "branch": null,
          "revision": "084bf1917d5d4d2ac56dbc71f393d916ceb771bd",
          "version": "1.7.8"
        }
      },
      {
        "package": "Kitura-TemplateEngine",
        "repositoryURL": "https://github.com/IBM-Swift/Kitura-TemplateEngine.git",
        "state": {
          "branch": null,
          "revision": "8e75a213bf4dd7b5effd03848335e344535969aa",
          "version": "1.7.2"
        }
      },
      {
        "package": "Kitura-WebSocket",
        "repositoryURL": "https://github.com/IBM-Swift/Kitura-WebSocket.git",
        "state": {
          "branch": null,
          "revision": "37bbbbe8a1d9d92faeb169ea29f94ec619f36a69",
          "version": "0.9.0"
        }
      },
      {
        "package": "Kitura-net",
        "repositoryURL": "https://github.com/IBM-Swift/Kitura-net.git",
        "state": {
          "branch": null,
          "revision": "b5c3b26321964978abb3b03230684a347a00a4b7",
          "version": "1.7.15"
        }
      },
      {
        "package": "KituraRequest",
        "repositoryURL": "https://github.com/IBM-Swift/Kitura-Request.git",
        "state": {
          "branch": null,
          "revision": "0330cb176e02c7690b4e6445e560647513305ac9",
          "version": "0.8.2"
        }
      },
      {
        "package": "LoggerAPI",
        "repositoryURL": "https://github.com/IBM-Swift/LoggerAPI.git",
        "state": {
          "branch": null,
          "revision": "6b62fe66da9b8794d6581e5c341710eea3173cd4",
          "version": "1.7.1"
        }
      },
      {
        "package": "SSLService",
        "repositoryURL": "https://github.com/IBM-Swift/BlueSSLService.git",
        "state": {
          "branch": null,
          "revision": "2f80ca3a4896dfc4805b04f651523ee17e24054b",
          "version": "0.12.48"
        }
      },
      {
        "package": "Socket",
        "repositoryURL": "https://github.com/IBM-Swift/BlueSocket.git",
        "state": {
          "branch": null,
          "revision": "c53f2459eeb60f7250f2dbc40e01685bae9f1526",
          "version": "0.12.61"
        }
      },
      {
        "package": "SwiftyJSON",
        "repositoryURL": "https://github.com/IBM-Swift/SwiftyJSON.git",
        "state": {
          "branch": null,
          "revision": "4c57d4680e2b3d7be0e7c36737f99b6b36f09aac",
          "version": "16.0.1"
        }
      }
    ]
  },
  "version": 1
}
